
Microsoft Visual Studio Solution File, Format Version 12.00
# Visual Studio 15
VisualStudioVersion = 15.0.28307.1433
MinimumVisualStudioVersion = 10.0.40219.1
Project("{FAE04EC0-301F-11D3-BF4B-00C04F79EFBC}") = "CovidAPI", "CovidAPI\CovidAPI.csproj", "{9DE78651-5E79-41E9-824E-E1829A5E7BF6}"
EndProject
Project("{FAE04EC0-301F-11D3-BF4B-00C04F79EFBC}") = "CovidAPI.Tests", "CovidAPI.Tests\CovidAPI.Tests.csproj", "{71503C20-B049-4C47-9D03-018BC7AE5074}"
EndProject
Global
	GlobalSection(SolutionConfigurationPlatforms) = preSolution
		Debug|Any CPU = Debug|Any CPU
		Release|Any CPU = Release|Any CPU
	EndGlobalSection
	GlobalSection(ProjectConfigurationPlatforms) = postSolution
		{9DE78651-5E79-41E9-824E-E1829A5E7BF6}.Debug|Any CPU.ActiveCfg = Debug|Any CPU
		{9DE78651-5E79-41E9-824E-E1829A5E7BF6}.Debug|Any CPU.Build.0 = Debug|Any CPU
		{9DE78651-5E79-41E9-824E-E1829A5E7BF6}.Release|Any CPU.ActiveCfg = Release|Any CPU
		{9DE78651-5E79-41E9-824E-E1829A5E7BF6}.Release|Any CPU.Build.0 = Release|Any CPU
		{71503C20-B049-4C47-9D03-018BC7AE5074}.Debug|Any CPU.ActiveCfg = Debug|Any CPU
		{71503C20-B049-4C47-9D03-018BC7AE5074}.Debug|Any CPU.Build.0 = Debug|Any CPU
		{71503C20-B049-4C47-9D03-018BC7AE5074}.Release|Any CPU.ActiveCfg = Release|Any CPU
		{71503C20-B049-4C47-9D03-018BC7AE5074}.Release|Any CPU.Build.0 = Release|Any CPU
	EndGlobalSection
	GlobalSection(SolutionProperties) = preSolution
		HideSolutionNode = FALSE
	EndGlobalSection
	GlobalSection(ExtensibilityGlobals) = postSolution
		SolutionGuid = {C47F694E-2A0A-4BCC-AC59-278A185F7956}
	EndGlobalSection
EndGlobal
